# THIS IS AN AUTOGENERATED FILE. DO NOT EDIT THIS FILE DIRECTLY.
# yarn lockfile v1


"@types/node@^14.11.2":
  version "14.11.2"
  resolved "https://registry.yarnpkg.com/@types/node/-/node-14.11.2.tgz#2de1ed6670439387da1c9f549a2ade2b0a799256"
  integrity sha512-jiE3QIxJ8JLNcb1Ps6rDbysDhN4xa8DJJvuC9prr6w+1tIh+QAbYyNF3tyiZNLDBIuBCf4KEcV2UvQm/V60xfA==

typescript@^4.0.3:
  version "4.0.3"
  resolved "https://registry.yarnpkg.com/typescript/-/typescript-4.0.3.tgz#153bbd468ef07725c1df9c77e8b453f8d36abba5"
  integrity sha512-tEu6DGxGgRJPb/mVPIZ48e69xCn2yRmCgYmDugAVwmJ6o+0u1RI18eO7E7WBTLYLaEVVOhwQmcdhQHweux/WPg==

vue-i18n@^8.22.2:
  version "8.22.2"
  resolved "https://registry.yarnpkg.com/vue-i18n/-/vue-i18n-8.22.2.tgz#58299a5a050e67b4f799d96fee7dd8bd269e0907"
  integrity sha512-rb569fVJInPUgS/bbCxEQ9DrAoFTntuJvYoK4Fpk2VfNbA09WzdTKk57ppjz3S+ps9hW+p9H+2ASgMvojedkow==

vue-router@^3.4.5:
  version "3.4.5"
  resolved "https://registry.yarnpkg.com/vue-router/-/vue-router-3.4.5.tgz#d396ec037b35931bdd1e9b7edd86f9788dc15175"
  integrity sha512-ioRY5QyDpXM9TDjOX6hX79gtaMXSVDDzSlbIlyAmbHNteIL81WIVB2e+jbzV23vzxtoV0krdS2XHm+GxFg+Nxg==

vue@^2.6.12:
  version "2.6.12"
  resolved "https://registry.yarnpkg.com/vue/-/vue-2.6.12.tgz#f5ebd4fa6bd2869403e29a896aed4904456c9123"
  integrity sha512-uhmLFETqPPNyuLLbsKz6ioJ4q7AZHzD8ZVFNATNyICSZouqP2Sz0rotWQC8UNBF6VGSCs5abnKJoStA6JbCbfg==
