# THIS IS AN AUTOGENERATED FILE. DO NOT EDIT THIS FILE DIRECTLY.
# yarn lockfile v1


"@babel/helper-validator-identifier@^7.14.9":
  version "7.15.7"
  resolved "https://registry.yarnpkg.com/@babel/helper-validator-identifier/-/helper-validator-identifier-7.15.7.tgz#220df993bfe904a4a6b02ab4f3385a5ebf6e2389"
  integrity sha512-K4JvCtQqad9OY2+yTU8w+E82ywk/fe+ELNlt1G8z3bVGlZfn/hOcQQsUhGhW/N+tb3fxK800wLtKOE/aM0m72w==

"@babel/parser@^7.15.0":
  version "7.15.7"
  resolved "https://registry.yarnpkg.com/@babel/parser/-/parser-7.15.7.tgz#0c3ed4a2eb07b165dfa85b3cc45c727334c4edae"
  integrity sha512-rycZXvQ+xS9QyIcJ9HXeDWf1uxqlbVFAUq0Rq0dbc50Zb/+wUe/ehyfzGfm9KZZF0kBejYgxltBXocP+gKdL2g==

"@babel/types@^7.15.6":
  version "7.15.6"
  resolved "https://registry.yarnpkg.com/@babel/types/-/types-7.15.6.tgz#99abdc48218b2881c058dd0a7ab05b99c9be758f"
  integrity sha512-BPU+7QhqNjmWyDO0/vitH/CuhpV8ZmK1wpKva8nuyNF5MJfuRNWMc+hc14+u9xT93kvykMdncrJT19h74uB1Ig==
  dependencies:
    "@babel/helper-validator-identifier" "^7.14.9"
    to-fast-properties "^2.0.0"

"@intlify/core-base@9.1.7":
  version "9.1.7"
  resolved "https://registry.yarnpkg.com/@intlify/core-base/-/core-base-9.1.7.tgz#a454a492683690bc3d0abab82605ab5a23645bd0"
  integrity sha512-q1W2j81xbHyfKrNcca/CeJyf0Bcx4u9UDu05l7AaiJbqOseTme2o2I3wp1hDDCtmC7k7HgX0sAygyHNJH9swuQ==
  dependencies:
    "@intlify/devtools-if" "9.1.7"
    "@intlify/message-compiler" "9.1.7"
    "@intlify/message-resolver" "9.1.7"
    "@intlify/runtime" "9.1.7"
    "@intlify/shared" "9.1.7"
    "@intlify/vue-devtools" "9.1.7"

"@intlify/devtools-if@9.1.7":
  version "9.1.7"
  resolved "https://registry.yarnpkg.com/@intlify/devtools-if/-/devtools-if-9.1.7.tgz#a5df0f33e06c3ead3e53b7f4d4b10a2d52309361"
  integrity sha512-/DcN5FUySSkQhDqx5y1RvxfuCXO3Ot/dUEIOs472qbM7Hyb2qif+eXCnwHBzlI4+wEfQVT6L0PiM1a7Er/ro9g==
  dependencies:
    "@intlify/shared" "9.1.7"

"@intlify/message-compiler@9.1.7":
  version "9.1.7"
  resolved "https://registry.yarnpkg.com/@intlify/message-compiler/-/message-compiler-9.1.7.tgz#4663fcc2a190f3cc6970e12565c8d6f22beeb719"
  integrity sha512-JZNkAhr3O7tnbdbRBcpYfqr/Ai26WTzX0K/lV8Y1KVdOIj/dGiamaffdWUdFiDXUnbJRNbPiOaKxy7Pwip3KxQ==
  dependencies:
    "@intlify/message-resolver" "9.1.7"
    "@intlify/shared" "9.1.7"
    source-map "0.6.1"

"@intlify/message-resolver@9.1.7":
  version "9.1.7"
  resolved "https://registry.yarnpkg.com/@intlify/message-resolver/-/message-resolver-9.1.7.tgz#a95d13866c8de85784358039c8845668152e4162"
  integrity sha512-WTK+OaXJYjyquLGhuCyDvU2WHkG+kXzXeHagmVFHn+s118Jf2143zzkLLUrapP5CtZ/csuyjmYg7b3xQRQAmvw==

"@intlify/runtime@9.1.7":
  version "9.1.7"
  resolved "https://registry.yarnpkg.com/@intlify/runtime/-/runtime-9.1.7.tgz#67e0d6b2fd85a5b0b301a151c2f436f93154c3c6"
  integrity sha512-QURPSlzhOVnRwS2XMGpCDsDkP42kfVBh94aAORxh/gVGzdgJip2vagrIFij/J69aEqdB476WJkMhVjP8VSHmiA==
  dependencies:
    "@intlify/message-compiler" "9.1.7"
    "@intlify/message-resolver" "9.1.7"
    "@intlify/shared" "9.1.7"

"@intlify/shared@9.1.7":
  version "9.1.7"
  resolved "https://registry.yarnpkg.com/@intlify/shared/-/shared-9.1.7.tgz#e7d8bc90cb59dc17dd7b4c85a73db16fcb7891fc"
  integrity sha512-zt0zlUdalumvT9AjQNxPXA36UgOndUyvBMplh8uRZU0fhWHAwhnJTcf0NaG9Qvr8I1n3HPSs96+kLb/YdwTavQ==

"@intlify/vue-devtools@9.1.7":
  version "9.1.7"
  resolved "https://registry.yarnpkg.com/@intlify/vue-devtools/-/vue-devtools-9.1.7.tgz#b08d39bb5f21ba9b1954eab9466e9408129425a7"
  integrity sha512-DI5Wc0aOiohtBUGUkKAcryCWbbuaO4/PK4Pa/LaNCsFNxbtgR5qkIDmhBv9xVPYGTUhySXxaDDAMvOpBjhPJjw==
  dependencies:
    "@intlify/message-resolver" "9.1.7"
    "@intlify/runtime" "9.1.7"
    "@intlify/shared" "9.1.7"

"@types/node@^12.20.27":
  version "12.20.27"
  resolved "https://registry.yarnpkg.com/@types/node/-/node-12.20.27.tgz#4141fcad57c332a120591de883e26fe4bb14aaea"
  integrity sha512-qZdePUDSLAZRXXV234bLBEUM0nAQjoxbcSwp1rqSMUe1rZ47mwU6OjciR/JvF1Oo8mc0ys6GE0ks0HGgqAZoGg==

"@vue/compiler-core@3.2.19":
  version "3.2.19"
  resolved "https://registry.yarnpkg.com/@vue/compiler-core/-/compiler-core-3.2.19.tgz#b537dd377ce51fdb64e9b30ebfbff7cd70a64cb9"
  integrity sha512-8dOPX0YOtaXol0Zf2cfLQ4NU/yHYl2H7DCKsLEZ7gdvPK6ZSEwGLJ7IdghhY2YEshEpC5RB9QKdC5I07z8Dtjg==
  dependencies:
    "@babel/parser" "^7.15.0"
    "@vue/shared" "3.2.19"
    estree-walker "^2.0.2"
    source-map "^0.6.1"

"@vue/compiler-dom@3.2.19":
  version "3.2.19"
  resolved "https://registry.yarnpkg.com/@vue/compiler-dom/-/compiler-dom-3.2.19.tgz#0607bc90de6af55fde73b09b3c4d0bf8cb597ed8"
  integrity sha512-WzQoE8rfkFjPtIioc7SSgTsnz9g2oG61DU8KHnzPrRS7fW/lji6H2uCYJfp4Z6kZE8GjnHc1Ljwl3/gxDes0cw==
  dependencies:
    "@vue/compiler-core" "3.2.19"
    "@vue/shared" "3.2.19"

"@vue/compiler-sfc@3.2.19":
  version "3.2.19"
  resolved "https://registry.yarnpkg.com/@vue/compiler-sfc/-/compiler-sfc-3.2.19.tgz#d412195a98ebd49b84602f171719294a1d9549be"
  integrity sha512-pLlbgkO1UHTO02MSpa/sFOXUwIDxSMiKZ1ozE5n71CY4DM+YmI+G3gT/ZHZ46WBId7f3VTF/D8pGwMygcQbrQA==
  dependencies:
    "@babel/parser" "^7.15.0"
    "@vue/compiler-core" "3.2.19"
    "@vue/compiler-dom" "3.2.19"
    "@vue/compiler-ssr" "3.2.19"
    "@vue/ref-transform" "3.2.19"
    "@vue/shared" "3.2.19"
    estree-walker "^2.0.2"
    magic-string "^0.25.7"
    postcss "^8.1.10"
    source-map "^0.6.1"

"@vue/compiler-ssr@3.2.19":
  version "3.2.19"
  resolved "https://registry.yarnpkg.com/@vue/compiler-ssr/-/compiler-ssr-3.2.19.tgz#3e91ecf70f8f961c5f63eacd2139bcdab9a7a07c"
  integrity sha512-oLon0Cn3O7WEYzzmzZavGoqXH+199LT+smdjBT3Uf3UX4HwDNuBFCmvL0TsqV9SQnIgKvBRbQ7lhbpnd4lqM3w==
  dependencies:
    "@vue/compiler-dom" "3.2.19"
    "@vue/shared" "3.2.19"

"@vue/devtools-api@^6.0.0-beta.14", "@vue/devtools-api@^6.0.0-beta.7":
  version "6.0.0-beta.18"
  resolved "https://registry.yarnpkg.com/@vue/devtools-api/-/devtools-api-6.0.0-beta.18.tgz#84c0aff9289a57294cb97490811f69e8a0a67f8a"
  integrity sha512-56vRhO7nXWWFYTx520BQSDlQH5VYpwy62hFDEqi2yHHEBpEqseOP5WYQusq7BEW3DXSY9E9cfPVR5CFtJbKuMg==

"@vue/reactivity@3.2.19":
  version "3.2.19"
  resolved "https://registry.yarnpkg.com/@vue/reactivity/-/reactivity-3.2.19.tgz#fc6e0f0106f295226835cfed5ff5f84d927bea65"
  integrity sha512-FtachoYs2SnyrWup5UikP54xDX6ZJ1s5VgHcJp4rkGoutU3Ry61jhs+nCX7J64zjX992Mh9gGUC0LqTs8q9vCA==
  dependencies:
    "@vue/shared" "3.2.19"

"@vue/ref-transform@3.2.19":
  version "3.2.19"
  resolved "https://registry.yarnpkg.com/@vue/ref-transform/-/ref-transform-3.2.19.tgz#cf0f986486bb26838fbd09749e927bab19745600"
  integrity sha512-03wwUnoIAeKti5IGGx6Vk/HEBJ+zUcm5wrUM3+PQsGf7IYnXTbeIfHHpx4HeSeWhnLAjqZjADQwW8uA4rBmVbg==
  dependencies:
    "@babel/parser" "^7.15.0"
    "@vue/compiler-core" "3.2.19"
    "@vue/shared" "3.2.19"
    estree-walker "^2.0.2"
    magic-string "^0.25.7"

"@vue/runtime-core@3.2.19":
  version "3.2.19"
  resolved "https://registry.yarnpkg.com/@vue/runtime-core/-/runtime-core-3.2.19.tgz#807715b7f4728abb84fa4a8efdbe37d8ddb4c6d3"
  integrity sha512-qArZSWKxWsgKfxk9BelZ32nY0MZ31CAW2kUUyVJyxh4cTfHaXGbjiQB5JgsvKc49ROMNffv9t3/qjasQqAH+RQ==
  dependencies:
    "@vue/reactivity" "3.2.19"
    "@vue/shared" "3.2.19"

"@vue/runtime-dom@3.2.19":
  version "3.2.19"
  resolved "https://registry.yarnpkg.com/@vue/runtime-dom/-/runtime-dom-3.2.19.tgz#7e8bf645754703e360fa132e4be9113edf2377bb"
  integrity sha512-hIRboxXwafeHhbZEkZYNV0MiJXPNf4fP0X6hM2TJb0vssz8BKhD9cF92BkRgZztTQevecbhk0gu4uAPJ3dxL9A==
  dependencies:
    "@vue/runtime-core" "3.2.19"
    "@vue/shared" "3.2.19"
    csstype "^2.6.8"

"@vue/server-renderer@3.2.19":
  version "3.2.19"
  resolved "https://registry.yarnpkg.com/@vue/server-renderer/-/server-renderer-3.2.19.tgz#870bcec9f7cdaee0c2187a169b6e636ab4362fb1"
  integrity sha512-A9FNT7fgQJXItwdzWREntAgWKVtKYuXHBKGev/H4+ByTu8vB7gQXGcim01QxaJshdNg4dYuH2tEBZXCNCNx+/w==
  dependencies:
    "@vue/compiler-ssr" "3.2.19"
    "@vue/shared" "3.2.19"

"@vue/shared@3.2.19":
  version "3.2.19"
  resolved "https://registry.yarnpkg.com/@vue/shared/-/shared-3.2.19.tgz#111ec3da18337d86274446984c49925b1b2b2dd7"
  integrity sha512-Knqhx7WieLdVgwCAZgTVrDCXZ50uItuecLh9JdLC8O+a5ayaSyIQYveUK3hCRNC7ws5zalHmZwfdLMGaS8r4Ew==

csstype@^2.6.8:
  version "2.6.18"
  resolved "https://registry.yarnpkg.com/csstype/-/csstype-2.6.18.tgz#980a8b53085f34af313410af064f2bd241784218"
  integrity sha512-RSU6Hyeg14am3Ah4VZEmeX8H7kLwEEirXe6aU2IPfKNvhXwTflK5HQRDNI0ypQXoqmm+QPyG2IaPuQE5zMwSIQ==

estree-walker@^2.0.2:
  version "2.0.2"
  resolved "https://registry.yarnpkg.com/estree-walker/-/estree-walker-2.0.2.tgz#52f010178c2a4c117a7757cfe942adb7d2da4cac"
  integrity sha512-Rfkk/Mp/DL7JVje3u18FxFujQlTNR2q6QfMSMB7AvCBx91NGj/ba3kCfza0f6dVDbw7YlRf/nDrn7pQrCCyQ/w==

magic-string@^0.25.7:
  version "0.25.7"
  resolved "https://registry.yarnpkg.com/magic-string/-/magic-string-0.25.7.tgz#3f497d6fd34c669c6798dcb821f2ef31f5445051"
  integrity sha512-4CrMT5DOHTDk4HYDlzmwu4FVCcIYI8gauveasrdCu2IKIFOJ3f0v/8MDGJCDL9oD2ppz/Av1b0Nj345H9M+XIA==
  dependencies:
    sourcemap-codec "^1.4.4"

nanocolors@^0.2.2:
  version "0.2.10"
  resolved "https://registry.yarnpkg.com/nanocolors/-/nanocolors-0.2.10.tgz#a712df4d3c1bf12d9b4fb8b5aa61b5ba31337503"
  integrity sha512-i+EDWGsJClQwR/bhLIG/CObZZwaYaS5qt+yjxZbfV+77QiNHNzE9nj4d9Ut1TGZ0R0eSwPcQWzReASzXuw/7oA==

nanoid@^3.1.25:
  version "3.1.28"
  resolved "https://registry.yarnpkg.com/nanoid/-/nanoid-3.1.28.tgz#3c01bac14cb6c5680569014cc65a2f26424c6bd4"
  integrity sha512-gSu9VZ2HtmoKYe/lmyPFES5nknFrHa+/DT9muUFWFMi6Jh9E1I7bkvlQ8xxf1Kos9pi9o8lBnIOkatMhKX/YUw==

postcss@^8.1.10:
  version "8.3.8"
  resolved "https://registry.yarnpkg.com/postcss/-/postcss-8.3.8.tgz#9ebe2a127396b4b4570ae9f7770e7fb83db2bac1"
  integrity sha512-GT5bTjjZnwDifajzczOC+r3FI3Cu+PgPvrsjhQdRqa2kTJ4968/X9CUce9xttIB0xOs5c6xf0TCWZo/y9lF6bA==
  dependencies:
    nanocolors "^0.2.2"
    nanoid "^3.1.25"
    source-map-js "^0.6.2"

quasar@^2.1.0:
  version "2.1.0"
  resolved "https://registry.yarnpkg.com/quasar/-/quasar-2.1.0.tgz#c5524257f575c74297332a24b5004503787681fa"
  integrity sha512-TSAAoHrRYNYcSO0zEz3yqYA00Blfwzt8tl7o3/fVyLD6XRrePwB3K0P3ATTQEWISTIUkSklXo5d/c5oXlAQO+g==

source-map-js@^0.6.2:
  version "0.6.2"
  resolved "https://registry.yarnpkg.com/source-map-js/-/source-map-js-0.6.2.tgz#0bb5de631b41cfbda6cfba8bd05a80efdfd2385e"
  integrity sha512-/3GptzWzu0+0MBQFrDKzw/DvvMTUORvgY6k6jd/VS6iCR4RDTKWH6v6WPwQoUO8667uQEf9Oe38DxAYWY5F/Ug==

source-map@0.6.1, source-map@^0.6.1:
  version "0.6.1"
  resolved "https://registry.yarnpkg.com/source-map/-/source-map-0.6.1.tgz#74722af32e9614e9c287a8d0bbde48b5e2f1a263"
  integrity sha512-UjgapumWlbMhkBgzT7Ykc5YXUT46F0iKu8SGXq0bcwP5dz/h0Plj6enJqjz1Zbq2l5WaqYnrVbwWOWMyF3F47g==

sourcemap-codec@^1.4.4:
  version "1.4.8"
  resolved "https://registry.yarnpkg.com/sourcemap-codec/-/sourcemap-codec-1.4.8.tgz#ea804bd94857402e6992d05a38ef1ae35a9ab4c4"
  integrity sha512-9NykojV5Uih4lgo5So5dtw+f0JgJX30KCNI8gwhz2J9A15wD0Ml6tjHKwf6fTSa6fAdVBdZeNOs9eJ71qCk8vA==

to-fast-properties@^2.0.0:
  version "2.0.0"
  resolved "https://registry.yarnpkg.com/to-fast-properties/-/to-fast-properties-2.0.0.tgz#dc5e698cbd079265bc73e0377681a4e4e83f616e"
  integrity sha1-3F5pjL0HkmW8c+A3doGk5Og/YW4=

typescript@^4.4.3:
  version "4.4.3"
  resolved "https://registry.yarnpkg.com/typescript/-/typescript-4.4.3.tgz#bdc5407caa2b109efd4f82fe130656f977a29324"
  integrity sha512-4xfscpisVgqqDfPaJo5vkd+Qd/ItkoagnHpufr+i2QCHBsNYp+G7UAoyFl8aPtx879u38wPV65rZ8qbGZijalA==

vue-i18n@^9.1.0:
  version "9.1.7"
  resolved "https://registry.yarnpkg.com/vue-i18n/-/vue-i18n-9.1.7.tgz#6f28dd2135197066508e2e65ab204a019750d773"
  integrity sha512-ujuuDanoHqtEd4GejWrbG/fXE9nrP51ElsEGxp0WBHfv+/ki0/wyUqkO+4fLikki2obGtXdviTPH0VNpas5K6g==
  dependencies:
    "@intlify/core-base" "9.1.7"
    "@intlify/shared" "9.1.7"
    "@intlify/vue-devtools" "9.1.7"
    "@vue/devtools-api" "^6.0.0-beta.7"

vue-router@^4.0.11:
  version "4.0.11"
  resolved "https://registry.yarnpkg.com/vue-router/-/vue-router-4.0.11.tgz#cd649a0941c635281763a20965b599643ddc68ed"
  integrity sha512-sha6I8fx9HWtvTrFZfxZkiQQBpqSeT+UCwauYjkdOQYRvwsGwimlQQE2ayqUwuuXGzquFpCPoXzYKWlzL4OuXg==
  dependencies:
    "@vue/devtools-api" "^6.0.0-beta.14"

vue@^3.2.19:
  version "3.2.19"
  resolved "https://registry.yarnpkg.com/vue/-/vue-3.2.19.tgz#da2c80a6a0271c7097fee9e31692adfd9d569c8f"
  integrity sha512-6KAMdIfAtlK+qohTIUE4urwAv4A3YRuo8uAbByApUmiB0CziGAAPs6qVugN6oHPia8YIafHB/37K0O6KZ7sGmA==
  dependencies:
    "@vue/compiler-dom" "3.2.19"
    "@vue/compiler-sfc" "3.2.19"
    "@vue/runtime-dom" "3.2.19"
    "@vue/server-renderer" "3.2.19"
    "@vue/shared" "3.2.19"
